{
  "version": "3",
  "redirects": {
    "https://deno.land/x/portaudio/mod.ts": "https://deno.land/x/portaudio@0.2.0/mod.ts",
    "https://esm.sh/pitchy@4": "https://esm.sh/pitchy@4.1.0"
  },
  "remote": {
    "https://deno.land/std@0.176.0/_util/asserts.ts": "178dfc49a464aee693a7e285567b3d0b555dc805ff490505a8aae34f9cfb1462",
    "https://deno.land/std@0.176.0/_util/os.ts": "d932f56d41e4f6a6093d56044e29ce637f8dcc43c5a90af43504a889cf1775e3",
    "https://deno.land/std@0.176.0/encoding/hex.ts": "50f8c95b52eae24395d3dfcb5ec1ced37c5fe7610ef6fffdcc8b0fdc38e3b32f",
    "https://deno.land/std@0.176.0/fmt/colors.ts": "938c5d44d889fb82eff6c358bea8baa7e85950a16c9f6dae3ec3a7a729164471",
    "https://deno.land/std@0.176.0/fs/_util.ts": "65381f341af1ff7f40198cee15c20f59951ac26e51ddc651c5293e24f9ce6f32",
    "https://deno.land/std@0.176.0/fs/copy.ts": "14214efd94fc3aa6db1e4af2b4b9578e50f7362b7f3725d5a14ad259a5df26c8",
    "https://deno.land/std@0.176.0/fs/empty_dir.ts": "c3d2da4c7352fab1cf144a1ecfef58090769e8af633678e0f3fabaef98594688",
    "https://deno.land/std@0.176.0/fs/ensure_dir.ts": "724209875497a6b4628dfb256116e5651c4f7816741368d6c44aab2531a1e603",
    "https://deno.land/std@0.176.0/fs/ensure_file.ts": "c38602670bfaf259d86ca824a94e6cb9e5eb73757fefa4ebf43a90dd017d53d9",
    "https://deno.land/std@0.176.0/fs/ensure_link.ts": "c0f5b2f0ec094ed52b9128eccb1ee23362a617457aa0f699b145d4883f5b2fb4",
    "https://deno.land/std@0.176.0/fs/ensure_symlink.ts": "2955cc8332aeca9bdfefd05d8d3976b94e282b0f353392a71684808ed2ffdd41",
    "https://deno.land/std@0.176.0/fs/eol.ts": "f1f2eb348a750c34500741987b21d65607f352cf7205f48f4319d417fff42842",
    "https://deno.land/std@0.176.0/fs/exists.ts": "b8c8a457b71e9d7f29b9d2f87aad8dba2739cbe637e8926d6ba6e92567875f8e",
    "https://deno.land/std@0.176.0/fs/expand_glob.ts": "45d17e89796a24bd6002e4354eda67b4301bb8ba67d2cac8453cdabccf1d9ab0",
    "https://deno.land/std@0.176.0/fs/mod.ts": "bc3d0acd488cc7b42627044caf47d72019846d459279544e1934418955ba4898",
    "https://deno.land/std@0.176.0/fs/move.ts": "4cb47f880e3f0582c55e71c9f8b1e5e8cfaacb5e84f7390781dd563b7298ec19",
    "https://deno.land/std@0.176.0/fs/walk.ts": "ea95ffa6500c1eda6b365be488c056edc7c883a1db41ef46ec3bf057b1c0fe32",
    "https://deno.land/std@0.176.0/path/_constants.ts": "e49961f6f4f48039c0dfed3c3f93e963ca3d92791c9d478ac5b43183413136e0",
    "https://deno.land/std@0.176.0/path/_interface.ts": "6471159dfbbc357e03882c2266d21ef9afdb1e4aa771b0545e90db58a0ba314b",
    "https://deno.land/std@0.176.0/path/_util.ts": "d7abb1e0dea065f427b89156e28cdeb32b045870acdf865833ba808a73b576d0",
    "https://deno.land/std@0.176.0/path/common.ts": "ee7505ab01fd22de3963b64e46cff31f40de34f9f8de1fff6a1bd2fe79380000",
    "https://deno.land/std@0.176.0/path/glob.ts": "d479e0a695621c94d3fd7fe7abd4f9499caf32a8de13f25073451c6ef420a4e1",
    "https://deno.land/std@0.176.0/path/mod.ts": "4b83694ac500d7d31b0cdafc927080a53dc0c3027eb2895790fb155082b0d232",
    "https://deno.land/std@0.176.0/path/posix.ts": "8b7c67ac338714b30c816079303d0285dd24af6b284f7ad63da5b27372a2c94d",
    "https://deno.land/std@0.176.0/path/separator.ts": "0fb679739d0d1d7bf45b68dacfb4ec7563597a902edbaf3c59b50d5bcadd93b1",
    "https://deno.land/std@0.176.0/path/win32.ts": "d186344e5583bcbf8b18af416d13d82b35a317116e6460a5a3953508c3de5bba",
    "https://deno.land/x/crayon@3.3.3/mod.ts": "82ad225583a483c4837577971629cddaa22614093af8353da6426b9366de9780",
    "https://deno.land/x/crayon@3.3.3/src/conversions.ts": "9bfd3b1fbe412bcba092890ac558b6beaad4c3aa399cd99d45fadb324d28afd6",
    "https://deno.land/x/crayon@3.3.3/src/crayon.ts": "6b237baa08a31c903436e040afd2228a7fffaa5d11dddc58e3c402f79b3c1d04",
    "https://deno.land/x/crayon@3.3.3/src/styles.ts": "aa588b57b2c0482dc5c6f53109b4287831a9827c0aeef9a88129beae1172c1ee",
    "https://deno.land/x/crayon@3.3.3/src/util.ts": "af8884a917488de76ac0c2b92482093ade74514ece77a4c64e5eb5b0f6ed68e6",
    "https://deno.land/x/plug@1.0.1/deps.ts": "35ea2acd5e3e11846817a429b7ef4bec47b80f2d988f5d63797147134cbd35c2",
    "https://deno.land/x/plug@1.0.1/download.ts": "8d6a023ade0806a0653b48cd5f6f8b15fcfaa1dbf2aa1f4bc90fc5732d27b144",
    "https://deno.land/x/plug@1.0.1/mod.ts": "5dec80ee7a3a325be45c03439558531bce7707ac118f4376cebbd6740ff24bfb",
    "https://deno.land/x/plug@1.0.1/types.ts": "d8eb738fc6ed883e6abf77093442c2f0b71af9090f15c7613621d4039e410ee1",
    "https://deno.land/x/plug@1.0.1/util.ts": "5ba8127b9adc36e070b9e22971fb8106869eea1741f452a87b4861e574f13481",
    "https://deno.land/x/portaudio@0.2.0/mod.ts": "a1c2c9f1169221c813c684e609cd21bb46a4ff9efcd9985c04c73d75101f1a81",
    "https://deno.land/x/portaudio@0.2.0/src/lib.ts": "babe85eaf9d7094e8e6dcecf4abb6f7c195ae24670dd4c6d925a748d064addc8",
    "https://deno.land/x/portaudio@0.2.0/src/types.ts": "f5fa2d72e269bdf638b00dbd1550b904c4fbae4b72148c4c1f074100f0f3d65c",
    "https://deno.land/x/portaudio@0.2.0/src/util.ts": "2de1b0119873a68a645041dacbe3238dca7711e969189b42c12d236956c27eac",
    "https://deno.land/x/tui@2.1.7/mod.ts": "b32347385f2efc7dd90a9e5f6386fded9bde505e3f1c4b07b8509c77206d15a6",
    "https://deno.land/x/tui@2.1.7/src/canvas/box.ts": "3f6a41af65942b069795d895c2a73d039a83ba35c01b5236ea88d1de65ba3ebf",
    "https://deno.land/x/tui@2.1.7/src/canvas/canvas.ts": "31daa080882956f19f5bf8a6b52f7a946ebc34bdba103b007ce4e73c2b922409",
    "https://deno.land/x/tui@2.1.7/src/canvas/draw_object.ts": "2b8a48f10c343aee61d9dc7f00ea7917119ea41374a994e1db7b5b1ee188f0f8",
    "https://deno.land/x/tui@2.1.7/src/canvas/mod.ts": "9da429bfb1d4f53eed661c3e2a2ae4b610380526597aa5f35a6604b810a83ac7",
    "https://deno.land/x/tui@2.1.7/src/canvas/text.ts": "e6c0f5ecb985a037e55397810bc212bae206240acd3e2b15fb786ae2746abdea",
    "https://deno.land/x/tui@2.1.7/src/component.ts": "d7a35cd1a4bc8a6177b047595c86e1df3418b340701e343ee83a08ac7a8005de",
    "https://deno.land/x/tui@2.1.7/src/components/box.ts": "bc0be923353e6b146dd5275097d5c12606f4e966cf9e1386f5482c2d49320be7",
    "https://deno.land/x/tui@2.1.7/src/components/button.ts": "90128d9f919a4506c2324a2c49c029f7fb7dd4872ea2b7df45505a01c125d660",
    "https://deno.land/x/tui@2.1.7/src/components/label.ts": "c6d82665745a0251f7cfcc50ca96163faf8f82cd4e54fe82f4df9558043d8ef4",
    "https://deno.land/x/tui@2.1.7/src/controls.ts": "1dc43bb0a98ab49d9a139daa27277928d5c507a68191b417f581467b8634f5f7",
    "https://deno.land/x/tui@2.1.7/src/event_emitter.ts": "e4ee1de2037c89952c5c4c54dc336b7992024f0cb41c9e49229944e773386824",
    "https://deno.land/x/tui@2.1.7/src/input.ts": "4ddc4049718847b2f76c2d022b740694ed50f958c2c42bb3a2eacfe0b0d83b0d",
    "https://deno.land/x/tui@2.1.7/src/input_reader/decoders/keyboard.ts": "70d4f54605a650612601e654bc28a5d4260374a893e27b8a86fe7181cb626377",
    "https://deno.land/x/tui@2.1.7/src/input_reader/decoders/mouse.ts": "a119c6261a27fb9b5e1711ba3d5161c45eac5615ea0aa739e4e6bca759434e6e",
    "https://deno.land/x/tui@2.1.7/src/input_reader/mod.ts": "4213a920c69fd51badd1091fe7c61eff1bd1ead32659785c16f976ae377491cc",
    "https://deno.land/x/tui@2.1.7/src/layout/errors.ts": "3df98a8f7747657fd252f602b26e9b5ee130dbfb236bcb4b2d2c912d7ae1eef9",
    "https://deno.land/x/tui@2.1.7/src/layout/grid_layout.ts": "7b2fca94d1a074c61d838c36800dca47f518f720c6539a33d0ad674081a29a76",
    "https://deno.land/x/tui@2.1.7/src/layout/horizontal_layout.ts": "e2ea27519c44c124cb228f19d4b14aa314e7db2cc92ef83fccfa146ced29d4e4",
    "https://deno.land/x/tui@2.1.7/src/layout/mod.ts": "65381a8dd7e8f6287742ebeffef866ae98932d16daf3ea3325f0180b37e327b8",
    "https://deno.land/x/tui@2.1.7/src/layout/types.ts": "ebc78ef4adbf802a49f5319474d81183a2b9edc2947443d9f40f23c4730e16f3",
    "https://deno.land/x/tui@2.1.7/src/layout/vertical_layout.ts": "41f1ec4b897a0f45478b6392f0c74d0c010a74693b99f36f532c85d5525dfca0",
    "https://deno.land/x/tui@2.1.7/src/signals/computed.ts": "824428cfda7c9e4a6aed8caee32a9aa62cd257fac9e7ca64d54c99a15ea56019",
    "https://deno.land/x/tui@2.1.7/src/signals/dependency_tracking.ts": "b89e933a912e8c32881e13ba1555201ec22cc0be69600862ff824f72f1bd6d55",
    "https://deno.land/x/tui@2.1.7/src/signals/effect.ts": "b478ca6469a151e93970679108e01a786b6e121023294d15b7293476161ec049",
    "https://deno.land/x/tui@2.1.7/src/signals/flusher.ts": "b47eeca9547a39487bef56ab82272f050883474995d5e92191296aec936180cb",
    "https://deno.land/x/tui@2.1.7/src/signals/lazy_computed.ts": "b4653efd855ce920657510b4cd086c58a8c72be6511465e3234f4e0b134bb9c6",
    "https://deno.land/x/tui@2.1.7/src/signals/lazy_effect.ts": "b8bdebf29d4b5ae204bc8c0300f03d9c60ff097aef28e0df6515665497b919f0",
    "https://deno.land/x/tui@2.1.7/src/signals/mod.ts": "e76b1303c74c257956d29f9169f3f12af410a0e8540c7a467e5405ba839cc431",
    "https://deno.land/x/tui@2.1.7/src/signals/reactivity.ts": "8520655a0b948d979b1b3450139695726c1dfeb46b46d49b8e4159fe4651368d",
    "https://deno.land/x/tui@2.1.7/src/signals/signal.ts": "5f351000a3316196ac3836fd9f3ef2a708aec85713df720a01c853d4859060be",
    "https://deno.land/x/tui@2.1.7/src/signals/types.ts": "e04d088a849a58d184c30420fec9ab3726985e3bcbe2cdc1b4bbc218fb299dbe",
    "https://deno.land/x/tui@2.1.7/src/theme.ts": "87f3da7e6a5bbbeb04c3c5384069225c244bcce0bac833a87828c5208af07cfc",
    "https://deno.land/x/tui@2.1.7/src/tui.ts": "d6c2b71aabd20f2673d5338bef3c310c322dc8e696850ce26b7519efee3e960b",
    "https://deno.land/x/tui@2.1.7/src/types.ts": "7e39e8c59a1d28e379e54455dd7d7bb1a349191970d9af8d47a74b590e0de401",
    "https://deno.land/x/tui@2.1.7/src/utils/ansi_codes.ts": "be83f249ab09d33b64540adda5191c58580d386cc7627b8d10ea3363c9a6d23d",
    "https://deno.land/x/tui@2.1.7/src/utils/async.ts": "3f3bfe526c05467313237c434bc951a02344935dba61fe7b4e14d818d03ba1ca",
    "https://deno.land/x/tui@2.1.7/src/utils/component.ts": "a7f5396b480c7ed437c5e08ec56c3e5c85a55963ee8520c2e5cc7a185577f1a3",
    "https://deno.land/x/tui@2.1.7/src/utils/mod.ts": "4daef102e2406625f32faf08d238b702a26b3dc87232c35e97a215b9dbf9e781",
    "https://deno.land/x/tui@2.1.7/src/utils/numbers.ts": "9d4322b7a184e111184f37507ccdf0d4a29ee7eb8f2ce8f942f078bd165f8941",
    "https://deno.land/x/tui@2.1.7/src/utils/signals.ts": "a78893aa2e379468df65045a4d1f45e0111237b24e18c19bf5a92b6ee9074c4a",
    "https://deno.land/x/tui@2.1.7/src/utils/sorted_array.ts": "d7b55e9c6489102fbee46d632040449f960f2ed3ae0d6bc3326e6d6ec1450d97",
    "https://deno.land/x/tui@2.1.7/src/utils/strings.ts": "6eff09ec0cf58aee239df3ca41d55f22694cdb4bc73b213a9066f11b65218419",
    "https://deno.land/x/tui@2.1.7/src/view.ts": "77c9dfdb3632f95c2456036c5e30f90cfbbad62cbb4f370cba48b992523aa619",
    "https://esm.sh/pitchy@4.1.0": "96ea7e322507ae33de16d1d48da061f895d41c6d1d8e5e9f61fc1965ad39a01c",
    "https://esm.sh/v135/fft.js@4.0.4/denonext/fft.mjs": "36217481c9577254250916fa73c4b5f9850666ac3c05d6350a9e46bf55ab4a1b",
    "https://esm.sh/v135/pitchy@4.1.0/denonext/pitchy.mjs": "0c8a190b68386ad6418ae51987a1f859ead898afa865207a91871eacab31ff47"
  }
}
